// !$*UTF8*$!
{
	archiveVersion = 1;
	classes = {
	};
	objectVersion = 46;
	objects = {

/* Begin PBXBuildFile section */
		F2EBE3DA1CA398C2004C15B2 /* AppDelegate.swift in Sources */ = {isa = PBXBuildFile; fileRef = F2EBE3D91CA398C2004C15B2 /* AppDelegate.swift */; };
		F2EBE3DC1CA398C2004C15B2 /* ViewController.swift in Sources */ = {isa = PBXBuildFile; fileRef = F2EBE3DB1CA398C2004C15B2 /* ViewController.swift */; };
		F2EBE3DF1CA398C2004C15B2 /* Main.storyboard in Resources */ = {isa = PBXBuildFile; fileRef = F2EBE3DD1CA398C2004C15B2 /* Main.storyboard */; };
		F2EBE3E11CA398C2004C15B2 /* Assets.xcassets in Resources */ = {isa = PBXBuildFile; fileRef = F2EBE3E01CA398C2004C15B2 /* Assets.xcassets */; };
		F2EBE3E41CA398C2004C15B2 /* LaunchScreen.storyboard in Resources */ = {isa = PBXBuildFile; fileRef = F2EBE3E21CA398C2004C15B2 /* LaunchScreen.storyboard */; };
		F2EBE3EF1CA398C2004C15B2 /* zTests.swift in Sources */ = {isa = PBXBuildFile; fileRef = F2EBE3EE1CA398C2004C15B2 /* zTests.swift */; };
		F2EBE3FA1CA398C2004C15B2 /* zUITests.swift in Sources */ = {isa = PBXBuildFile; fileRef = F2EBE3F91CA398C2004C15B2 /* zUITests.swift */; };
/* End PBXBuildFile section */

/* Begin PBXContainerItemProxy section */
		F2EBE3EB1CA398C2004C15B2 /* PBXContainerItemProxy */ = {
			isa = PBXContainerItemProxy;
			containerPortal = F2EBE3CE1CA398C2004C15B2 /* Project object */;
			proxyType = 1;
			remoteGlobalIDString = F2EBE3D51CA398C2004C15B2;
			remoteInfo = z;
		};
		F2EBE3F61CA398C2004C15B2 /* PBXContainerItemProxy */ = {
			isa = PBXContainerItemProxy;
			containerPortal = F2EBE3CE1CA398C2004C15B2 /* Project object */;
			proxyType = 1;
			remoteGlobalIDString = F2EBE3D51CA398C2004C15B2;
			remoteInfo = z;
		};
/* End PBXContainerItemProxy section */

/* Begin PBXFileReference section */
		F2EBE3D61CA398C2004C15B2 /* z.app */ = {isa = PBXFileReference; explicitFileType = wrapper.application; includeInIndex = 0; path = z.app; sourceTree = BUILT_PRODUCTS_DIR; };
		F2EBE3D91CA398C2004C15B2 /* AppDelegate.swift */ = {isa = PBXFileReference; lastKnownFileType = sourcecode.swift; path = AppDelegate.swift; sourceTree = "<group>"; };
		F2EBE3DB1CA398C2004C15B2 /* ViewController.swift */ = {isa = PBXFileReference; lastKnownFileType = sourcecode.swift; path = ViewController.swift; sourceTree = "<group>"; };
		F2EBE3DE1CA398C2004C15B2 /* Base */ = {isa = PBXFileReference; lastKnownFileType = file.storyboard; name = Base; path = Base.lproj/Main.storyboard; sourceTree = "<group>"; };
		F2EBE3E01CA398C2004C15B2 /* Assets.xcassets */ = {isa = PBXFileReference; lastKnownFileType = folder.assetcatalog; path = Assets.xcassets; sourceTree = "<group>"; };
		F2EBE3E31CA398C2004C15B2 /* Base */ = {isa = PBXFileReference; lastKnownFileType = file.storyboard; name = Base; path = Base.lproj/LaunchScreen.storyboard; sourceTree = "<group>"; };
		F2EBE3E51CA398C2004C15B2 /* Info.plist */ = {isa = PBXFileReference; lastKnownFileType = text.plist.xml; path = Info.plist; sourceTree = "<group>"; };
		F2EBE3EA1CA398C2004C15B2 /* zTests.xctest */ = {isa = PBXFileReference; explicitFileType = wrapper.cfbundle; includeInIndex = 0; path = zTests.xctest; sourceTree = BUILT_PRODUCTS_DIR; };
		F2EBE3EE1CA398C2004C15B2 /* zTests.swift */ = {isa = PBXFileReference; lastKnownFileType = sourcecode.swift; path = zTests.swift; sourceTree = "<group>"; };
		F2EBE3F01CA398C2004C15B2 /* Info.plist */ = {isa = PBXFileReference; lastKnownFileType = text.plist.xml; path = Info.plist; sourceTree = "<group>"; };
		F2EBE3F51CA398C2004C15B2 /* zUITests.xctest */ = {isa = PBXFileReference; explicitFileType = wrapper.cfbundle; includeInIndex = 0; path = zUITests.xctest; sourceTree = BUILT_PRODUCTS_DIR; };
		F2EBE3F91CA398C2004C15B2 /* zUITests.swift */ = {isa = PBXFileReference; lastKnownFileType = sourcecode.swift; path = zUITests.swift; sourceTree = "<group>"; };
		F2EBE3FB1CA398C2004C15B2 /* Info.plist */ = {isa = PBXFileReference; lastKnownFileType = text.plist.xml; path = Info.plist; sourceTree = "<group>"; };
/* End PBXFileReference section */

/* Begin PBXFrameworksBuildPhase section */
		F2EBE3D31CA398C2004C15B2 /* Frameworks */ = {
			isa = PBXFrameworksBuildPhase;
			buildActionMask = 2147483647;
			files = (
			);
			runOnlyForDeploymentPostprocessing = 0;
		};
		F2EBE3E71CA398C2004C15B2 /* Frameworks */ = {
			isa = PBXFrameworksBuildPhase;
			buildActionMask = 2147483647;
			files = (
			);
			runOnlyForDeploymentPostprocessing = 0;
		};
		F2EBE3F21CA398C2004C15B2 /* Frameworks */ = {
			isa = PBXFrameworksBuildPhase;
			buildActionMask = 2147483647;
			files = (
			);
			runOnlyForDeploymentPostprocessing = 0;
		};
/* End PBXFrameworksBuildPhase section */

/* Begin PBXGroup section */
		F2EBE3CD1CA398C2004C15B2 = {
			isa = PBXGroup;
			children = (
				F2EBE3D81CA398C2004C15B2 /* z */,
				F2EBE3ED1CA398C2004C15B2 /* zTests */,
				F2EBE3F81CA398C2004C15B2 /* zUITests */,
				F2EBE3D71CA398C2004C15B2 /* Products */,
			);
			sourceTree = "<group>";
		};
		F2EBE3D71CA398C2004C15B2 /* Products */ = {
			isa = PBXGroup;
			children = (
				F2EBE3D61CA398C2004C15B2 /* z.app */,
				F2EBE3EA1CA398C2004C15B2 /* zTests.xctest */,
				F2EBE3F51CA398C2004C15B2 /* zUITests.xctest */,
			);
			name = Products;
			sourceTree = "<group>";
		};
		F2EBE3D81CA398C2004C15B2 /* z */ = {
			isa = PBXGroup;
			children = (
				F2EBE3D91CA398C2004C15B2 /* AppDelegate.swift */,
				F2EBE3DB1CA398C2004C15B2 /* ViewController.swift */,
				F2EBE3DD1CA398C2004C15B2 /* Main.storyboard */,
				F2EBE3E01CA398C2004C15B2 /* Assets.xcassets */,
				F2EBE3E21CA398C2004C15B2 /* LaunchScreen.storyboard */,
				F2EBE3E51CA398C2004C15B2 /* Info.plist */,
			);
			path = z;
			sourceTree = "<group>";
		};
		F2EBE3ED1CA398C2004C15B2 /* zTests */ = {
			isa = PBXGroup;
			children = (
				F2EBE3EE1CA398C2004C15B2 /* zTests.swift */,
				F2EBE3F01CA398C2004C15B2 /* Info.plist */,
			);
			path = zTests;
			sourceTree = "<group>";
		};
		F2EBE3F81CA398C2004C15B2 /* zUITests */ = {
			isa = PBXGroup;
			children = (
				F2EBE3F91CA398C2004C15B2 /* zUITests.swift */,
				F2EBE3FB1CA398C2004C15B2 /* Info.plist */,
			);
			path = zUITests;
			sourceTree = "<group>";
		};
/* End PBXGroup section */

/* Begin PBXNativeTarget section */
		F2EBE3D51CA398C2004C15B2 /* z */ = {
			isa = PBXNativeTarget;
			buildConfigurationList = F2EBE3FE1CA398C2004C15B2 /* Build configuration list for PBXNativeTarget "z" */;
			buildPhases = (
				F2EBE3D21CA398C2004C15B2 /* Sources */,
				F2EBE3D31CA398C2004C15B2 /* Frameworks */,
				F2EBE3D41CA398C2004C15B2 /* Resources */,
			);
			buildRules = (
			);
			dependencies = (
			);
			name = z;
			productName = z;
			productReference = F2EBE3D61CA398C2004C15B2 /* z.app */;
			productType = "com.apple.product-type.application";
		};
		F2EBE3E91CA398C2004C15B2 /* zTests */ = {
			isa = PBXNativeTarget;
			buildConfigurationList = F2EBE4011CA398C2004C15B2 /* Build configuration list for PBXNativeTarget "zTests" */;
			buildPhases = (
				F2EBE3E61CA398C2004C15B2 /* Sources */,
				F2EBE3E71CA398C2004C15B2 /* Frameworks */,
				F2EBE3E81CA398C2004C15B2 /* Resources */,
			);
			buildRules = (
			);
			dependencies = (
				F2EBE3EC1CA398C2004C15B2 /* PBXTargetDependency */,
			);
			name = zTests;
			productName = zTests;
			productReference = F2EBE3EA1CA398C2004C15B2 /* zTests.xctest */;
			productType = "com.apple.product-type.bundle.unit-test";
		};
		F2EBE3F41CA398C2004C15B2 /* zUITests */ = {
			isa = PBXNativeTarget;
			buildConfigurationList = F2EBE4041CA398C2004C15B2 /* Build configuration list for PBXNativeTarget "zUITests" */;
			buildPhases = (
				F2EBE3F11CA398C2004C15B2 /* Sources */,
				F2EBE3F21CA398C2004C15B2 /* Frameworks */,
				F2EBE3F31CA398C2004C15B2 /* Resources */,
			);
			buildRules = (
			);
			dependencies = (
				F2EBE3F71CA398C2004C15B2 /* PBXTargetDependency */,
			);
			name = zUITests;
			productName = zUITests;
			productReference = F2EBE3F51CA398C2004C15B2 /* zUITests.xctest */;
			productType = "com.apple.product-type.bundle.ui-testing";
		};
/* End PBXNativeTarget section */

/* Begin PBXProject section */
		F2EBE3CE1CA398C2004C15B2 /* Project object */ = {
			isa = PBXProject;
			attributes = {
				LastUpgradeCheck = 0710;
				ORGANIZATIONNAME = "杨泽奇";
				TargetAttributes = {
					F2EBE3D51CA398C2004C15B2 = {
						CreatedOnToolsVersion = 7.1;
					};
					F2EBE3E91CA398C2004C15B2 = {
						CreatedOnToolsVersion = 7.1;
						TestTargetID = F2EBE3D51CA398C2004C15B2;
					};
					F2EBE3F41CA398C2004C15B2 = {
						CreatedOnToolsVersion = 7.1;
						TestTargetID = F2EBE3D51CA398C2004C15B2;
					};
				};
			};
			buildConfigurationList = F2EBE3D11CA398C2004C15B2 /* Build configuration list for PBXProject "z" */;
			compatibilityVersion = "Xcode 3.2";
			developmentRegion = English;
			hasScannedForEncodings = 0;
			knownRegions = (
				en,
				Base,
			);
			mainGroup = F2EBE3CD1CA398C2004C15B2;
			productRefGroup = F2EBE3D71CA398C2004C15B2 /* Products */;
			projectDirPath = "";
			projectRoot = "";
			targets = (
				F2EBE3D51CA398C2004C15B2 /* z */,
				F2EBE3E91CA398C2004C15B2 /* zTests */,
				F2EBE3F41CA398C2004C15B2 /* zUITests */,
			);
		};
/* End PBXProject section */

/* Begin PBXResourcesBuildPhase section */
		F2EBE3D41CA398C2004C15B2 /* Resources */ = {
			isa = PBXResourcesBuildPhase;
			buildActionMask = 2147483647;
			files = (
				F2EBE3E41CA398C2004C15B2 /* LaunchScreen.storyboard in Resources */,
				F2EBE3E11CA398C2004C15B2 /* Assets.xcassets in Resources */,
				F2EBE3DF1CA398C2004C15B2 /* Main.storyboard in Resources */,
			);
			runOnlyForDeploymentPostprocessing = 0;
		};
		F2EBE3E81CA398C2004C15B2 /* Resources */ = {
			isa = PBXResourcesBuildPhase;
			buildActionMask = 2147483647;
			files = (
			);
			runOnlyForDeploymentPostprocessing = 0;
		};
		F2EBE3F31CA398C2004C15B2 /* Resources */ = {
			isa = PBXResourcesBuildPhase;
			buildActionMask = 2147483647;
			files = (
			);
			runOnlyForDeploymentPostprocessing = 0;
		};
/* End PBXResourcesBuildPhase section */

/* Begin PBXSourcesBuildPhase section */
		F2EBE3D21CA398C2004C15B2 /* Sources */ = {
			isa = PBXSourcesBuildPhase;
			buildActionMask = 2147483647;
			files = (
				F2EBE3DC1CA398C2004C15B2 /* ViewController.swift in Sources */,
				F2EBE3DA1CA398C2004C15B2 /* AppDelegate.swift in Sources */,
			);
			runOnlyForDeploymentPostprocessing = 0;
		};
		F2EBE3E61CA398C2004C15B2 /* Sources */ = {
			isa = PBXSourcesBuildPhase;
			buildActionMask = 2147483647;
			files = (
				F2EBE3EF1CA398C2004C15B2 /* zTests.swift in Sources */,
			);
			runOnlyForDeploymentPostprocessing = 0;
		};
		F2EBE3F11CA398C2004C15B2 /* Sources */ = {
			isa = PBXSourcesBuildPhase;
			buildActionMask = 2147483647;
			files = (
				F2EBE3FA1CA398C2004C15B2 /* zUITests.swift in Sources */,
			);
			runOnlyForDeploymentPostprocessing = 0;
		};
/* End PBXSourcesBuildPhase section */

/* Begin PBXTargetDependency section */
		F2EBE3EC1CA398C2004C15B2 /* PBXTargetDependency */ = {
			isa = PBXTargetDependency;
			target = F2EBE3D51CA398C2004C15B2 /* z */;
			targetProxy = F2EBE3EB1CA398C2004C15B2 /* PBXContainerItemProxy */;
		};
		F2EBE3F71CA398C2004C15B2 /* PBXTargetDependency */ = {
			isa = PBXTargetDependency;
			target = F2EBE3D51CA398C2004C15B2 /* z */;
			targetProxy = F2EBE3F61CA398C2004C15B2 /* PBXContainerItemProxy */;
		};
/* End PBXTargetDependency section */

/* Begin PBXVariantGroup section */
		F2EBE3DD1CA398C2004C15B2 /* Main.storyboard */ = {
			isa = PBXVariantGroup;
			children = (
				F2EBE3DE1CA398C2004C15B2 /* Base */,
			);
			name = Main.storyboard;
			sourceTree = "<group>";
		};
		F2EBE3E21CA398C2004C15B2 /* LaunchScreen.storyboard */ = {
			isa = PBXVariantGroup;
			children = (
				F2EBE3E31CA398C2004C15B2 /* Base */,
			);
			name = LaunchScreen.storyboard;
			sourceTree = "<group>";
		};
/* End PBXVariantGroup section */

/* Begin XCBuildConfiguration section */
		F2EBE3FC1CA398C2004C15B2 /* Debug */ = {
			isa = XCBuildConfiguration;
			buildSettings = {
				ALWAYS_SEARCH_USER_PATHS = NO;
				CLANG_CXX_LANGUAGE_STANDARD = "gnu++0x";
				CLANG_CXX_LIBRARY = "libc++";
				CLANG_ENABLE_MODULES = YES;
				CLANG_ENABLE_OBJC_ARC = YES;
				CLANG_WARN_BOOL_CONVERSION = YES;
				CLANG_WARN_CONSTANT_CONVERSION = YES;
				CLANG_WARN_DIRECT_OBJC_ISA_USAGE = YES_ERROR;
				CLANG_WARN_EMPTY_BODY = YES;
				CLANG_WARN_ENUM_CONVERSION = YES;
				CLANG_WARN_INT_CONVERSION = YES;
				CLANG_WARN_OBJC_ROOT_CLASS = YES_ERROR;
				CLANG_WARN_UNREACHABLE_CODE = YES;
				CLANG_WARN__DUPLICATE_METHOD_MATCH = YES;
				"CODE_SIGN_IDENTITY[sdk=iphoneos*]" = "iPhone Developer";
				COPY_PHASE_STRIP = NO;
				DEBUG_INFORMATION_FORMAT = dwarf;
				ENABLE_STRICT_OBJC_MSGSEND = YES;
				ENABLE_TESTABILITY = YES;
				GCC_C_LANGUAGE_STANDARD = gnu99;
				GCC_DYNAMIC_NO_PIC = NO;
				GCC_NO_COMMON_BLOCKS = YES;
				GCC_OPTIMIZATION_LEVEL = 0;
				GCC_PREPROCESSOR_DEFINITIONS = (
					"DEBUG=1",
					"$(inherited)",
				);
				GCC_WARN_64_TO_32_BIT_CONVERSION = YES;
				GCC_WARN_ABOUT_RETURN_TYPE = YES_ERROR;
				GCC_WARN_UNDECLARED_SELECTOR = YES;
				GCC_WARN_UNINITIALIZED_AUTOS = YES_AGGRESSIVE;
				GCC_WARN_UNUSED_FUNCTION = YES;
				GCC_WARN_UNUSED_VARIABLE = YES;
				IPHONEOS_DEPLOYMENT_TARGET = 9.1;
				MTL_ENABLE_DEBUG_INFO = YES;
				ONLY_ACTIVE_ARCH = YES;
				SDKROOT = iphoneos;
				SWIFT_OPTIMIZATION_LEVEL = "-Onone";
				TARGETED_DEVICE_FAMILY = "1,2";
			};
			name = Debug;
		};
		F2EBE3FD1CA398C2004C15B2 /* Release */ = {
			isa = XCBuildConfiguration;
			buildSettings = {
				ALWAYS_SEARCH_USER_PATHS = NO;
				CLANG_CXX_LANGUAGE_STANDARD = "gnu++0x";
				CLANG_CXX_LIBRARY = "libc++";
				CLANG_ENABLE_MODULES = YES;
				CLANG_ENABLE_OBJC_ARC = YES;
				CLANG_WARN_BOOL_CONVERSION = YES;
				CLANG_WARN_CONSTANT_CONVERSION = YES;
				CLANG_WARN_DIRECT_OBJC_ISA_USAGE = YES_ERROR;
				CLANG_WARN_EMPTY_BODY = YES;
				CLANG_WARN_ENUM_CONVERSION = YES;
				CLANG_WARN_INT_CONVERSION = YES;
				CLANG_WARN_OBJC_ROOT_CLASS = YES_ERROR;
				CLANG_WARN_UNREACHABLE_CODE = YES;
				CLANG_WARN__DUPLICATE_METHOD_MATCH = YES;
				"CODE_SIGN_IDENTITY[sdk=iphoneos*]" = "iPhone Developer";
				COPY_PHASE_STRIP = NO;
				DEBUG_INFORMATION_FORMAT = "dwarf-with-dsym";
				ENABLE_NS_ASSERTIONS = NO;
				ENABLE_STRICT_OBJC_MSGSEND = YES;
				GCC_C_LANGUAGE_STANDARD = gnu99;
				GCC_NO_COMMON_BLOCKS = YES;
				GCC_WARN_64_TO_32_BIT_CONVERSION = YES;
				GCC_WARN_ABOUT_RETURN_TYPE = YES_ERROR;
				GCC_WARN_UNDECLARED_SELECTOR = YES;
				GCC_WARN_UNINITIALIZED_AUTOS = YES_AGGRESSIVE;
				GCC_WARN_UNUSED_FUNCTION = YES;
				GCC_WARN_UNUSED_VARIABLE = YES;
				IPHONEOS_DEPLOYMENT_TARGET = 9.1;
				MTL_ENABLE_DEBUG_INFO = NO;
				SDKROOT = iphoneos;
				TARGETED_DEVICE_FAMILY = "1,2";
				VALIDATE_PRODUCT = YES;
			};
			name = Release;
		};
		F2EBE3FF1CA398C2004C15B2 /* Debug */ = {
			isa = XCBuildConfiguration;
			buildSettings = {
				ASSETCATALOG_COMPILER_APPICON_NAME = AppIcon;
				INFOPLIST_FILE = z/Info.plist;
				LD_RUNPATH_SEARCH_PATHS = "$(inherited) @executable_path/Frameworks";
				PRODUCT_BUNDLE_IDENTIFIER = www.imnu.edu.cn.z;
				PRODUCT_NAME = "$(TARGET_NAME)";
			};
			name = Debug;
		};
		F2EBE4001CA398C2004C15B2 /* Release */ = {
			isa = XCBuildConfiguration;
			buildSettings = {
				ASSETCATALOG_COMPILER_APPICON_NAME = AppIcon;
				INFOPLIST_FILE = z/Info.plist;
				LD_RUNPATH_SEARCH_PATHS = "$(inherited) @executable_path/Frameworks";
				PRODUCT_BUNDLE_IDENTIFIER = www.imnu.edu.cn.z;
				PRODUCT_NAME = "$(TARGET_NAME)";
			};
			name = Release;
		};
		F2EBE4021CA398C2004C15B2 /* Debug */ = {
			isa = XCBuildConfiguration;
			buildSettings = {
				BUNDLE_LOADER = "$(TEST_HOST)";
				INFOPLIST_FILE = zTests/Info.plist;
				LD_RUNPATH_SEARCH_PATHS = "$(inherited) @executable_path/Frameworks @loader_path/Frameworks";
				PRODUCT_BUNDLE_IDENTIFIER = www.imnu.edu.cn.zTests;
				PRODUCT_NAME = "$(TARGET_NAME)";
				TEST_HOST = "$(BUILT_PRODUCTS_DIR)/z.app/z";
			};
			name = Debug;
		};
		F2EBE4031CA398C2004C15B2 /* Release */ = {
			isa = XCBuildConfiguration;
			buildSettings = {
				BUNDLE_LOADER = "$(TEST_HOST)";
				INFOPLIST_FILE = zTests/Info.plist;
				LD_RUNPATH_SEARCH_PATHS = "$(inherited) @executable_path/Frameworks @loader_path/Frameworks";
				PRODUCT_BUNDLE_IDENTIFIER = www.imnu.edu.cn.zTests;
				PRODUCT_NAME = "$(TARGET_NAME)";
				TEST_HOST = "$(BUILT_PRODUCTS_DIR)/z.app/z";
			};
			name = Release;
		};
		F2EBE4051CA398C2004C15B2 /* Debug */ = {
			isa = XCBuildConfiguration;
			buildSettings = {
				INFOPLIST_FILE = zUITests/Info.plist;
				LD_RUNPATH_SEARCH_PATHS = "$(inherited) @executable_path/Frameworks @loader_path/Frameworks";
				PRODUCT_BUNDLE_IDENTIFIER = www.imnu.edu.cn.zUITests;
				PRODUCT_NAME = "$(TARGET_NAME)";
				TEST_TARGET_NAME = z;
				USES_XCTRUNNER = YES;
			};
			name = Debug;
		};
		F2EBE4061CA398C2004C15B2 /* Release */ = {
			isa = XCBuildConfiguration;
			buildSettings = {
				INFOPLIST_FILE = zUITests/Info.plist;
				LD_RUNPATH_SEARCH_PATHS = "$(inherited) @executable_path/Frameworks @loader_path/Frameworks";
				PRODUCT_BUNDLE_IDENTIFIER = www.imnu.edu.cn.zUITests;
				PRODUCT_NAME = "$(TARGET_NAME)";
				TEST_TARGET_NAME = z;
				USES_XCTRUNNER = YES;
			};
			name = Release;
		};
/* End XCBuildConfiguration section */

/* Begin XCConfigurationList section */
		F2EBE3D11CA398C2004C15B2 /* Build configuration list for PBXProject "z" */ = {
			isa = XCConfigurationList;
			buildConfigurations = (
				F2EBE3FC1CA398C2004C15B2 /* Debug */,
				F2EBE3FD1CA398C2004C15B2 /* Release */,
			);
			defaultConfigurationIsVisible = 0;
			defaultConfigurationName = Release;
		};
		F2EBE3FE1CA398C2004C15B2 /* Build configuration list for PBXNativeTarget "z" */ = {
			isa = XCConfigurationList;
			buildConfigurations = (
				F2EBE3FF1CA398C2004C15B2 /* Debug */,
				F2EBE4001CA398C2004C15B2 /* Release */,
			);
			defaultConfigurationIsVisible = 0;
		};
		F2EBE4011CA398C2004C15B2 /* Build configuration list for PBXNativeTarget "zTests" */ = {
			isa = XCConfigurationList;
			buildConfigurations = (
				F2EBE4021CA398C2004C15B2 /* Debug */,
				F2EBE4031CA398C2004C15B2 /* Release */,
			);
			defaultConfigurationIsVisible = 0;
		};
		F2EBE4041CA398C2004C15B2 /* Build configuration list for PBXNativeTarget "zUITests" */ = {
			isa = XCConfigurationList;
			buildConfigurations = (
				F2EBE4051CA398C2004C15B2 /* Debug */,
				F2EBE4061CA398C2004C15B2 /* Release */,
			);
			defaultConfigurationIsVisible = 0;
		};
/* End XCConfigurationList section */
	};
	rootObject = F2EBE3CE1CA398C2004C15B2 /* Project object */;
}
